// !$*UTF8*$!
{
	archiveVersion = 1;
	classes = {
	};
	objectVersion = 56;
	objects = {

/* Begin PBXBuildFile section */
		591A6C212AE58D8500854A5A /* MyLocalPApp.swift in Sources */ = {isa = PBXBuildFile; fileRef = 591A6C202AE58D8500854A5A /* MyLocalPApp.swift */; };
		591A6C232AE58D8500854A5A /* MainView.swift in Sources */ = {isa = PBXBuildFile; fileRef = 591A6C222AE58D8500854A5A /* MainView.swift */; };
		591A6C252AE58D8600854A5A /* Assets.xcassets in Resources */ = {isa = PBXBuildFile; fileRef = 591A6C242AE58D8600854A5A /* Assets.xcassets */; };
		591A6C282AE58D8600854A5A /* Preview Assets.xcassets in Resources */ = {isa = PBXBuildFile; fileRef = 591A6C272AE58D8600854A5A /* Preview Assets.xcassets */; };
		599DF1132AE7302100953BF4 /* AppDelegate.swift in Sources */ = {isa = PBXBuildFile; fileRef = 599DF1122AE7302100953BF4 /* AppDelegate.swift */; };
		59D931B22AE5924B00886FC5 /* copyToClipboard.swift in Sources */ = {isa = PBXBuildFile; fileRef = 59D931B12AE5924B00886FC5 /* copyToClipboard.swift */; };
		59D931B42AE5927700886FC5 /* getIPAddress.swift in Sources */ = {isa = PBXBuildFile; fileRef = 59D931B32AE5927700886FC5 /* getIPAddress.swift */; };
		59D931B72AE592C900886FC5 /* ContentViewVM.swift in Sources */ = {isa = PBXBuildFile; fileRef = 59D931B62AE592C900886FC5 /* ContentViewVM.swift */; };
/* End PBXBuildFile section */

/* Begin PBXFileReference section */
		591A6C1D2AE58D8500854A5A /* MyLocalP.app */ = {isa = PBXFileReference; explicitFileType = wrapper.application; includeInIndex = 0; path = MyLocalP.app; sourceTree = BUILT_PRODUCTS_DIR; };
		591A6C202AE58D8500854A5A /* MyLocalPApp.swift */ = {isa = PBXFileReference; lastKnownFileType = sourcecode.swift; path = MyLocalPApp.swift; sourceTree = "<group>"; };
		591A6C222AE58D8500854A5A /* MainView.swift */ = {isa = PBXFileReference; lastKnownFileType = sourcecode.swift; path = MainView.swift; sourceTree = "<group>"; };
		591A6C242AE58D8600854A5A /* Assets.xcassets */ = {isa = PBXFileReference; lastKnownFileType = folder.assetcatalog; path = Assets.xcassets; sourceTree = "<group>"; };
		591A6C272AE58D8600854A5A /* Preview Assets.xcassets */ = {isa = PBXFileReference; lastKnownFileType = folder.assetcatalog; path = "Preview Assets.xcassets"; sourceTree = "<group>"; };
		591A6C292AE58D8600854A5A /* MyLocalP.entitlements */ = {isa = PBXFileReference; lastKnownFileType = text.plist.entitlements; path = MyLocalP.entitlements; sourceTree = "<group>"; };
		599DF1122AE7302100953BF4 /* AppDelegate.swift */ = {isa = PBXFileReference; lastKnownFileType = sourcecode.swift; path = AppDelegate.swift; sourceTree = "<group>"; };
		59BC19E32AEAFA36002809D5 /* Info.plist */ = {isa = PBXFileReference; lastKnownFileType = text.plist; path = Info.plist; sourceTree = "<group>"; };
		59D931B12AE5924B00886FC5 /* copyToClipboard.swift */ = {isa = PBXFileReference; lastKnownFileType = sourcecode.swift; path = copyToClipboard.swift; sourceTree = "<group>"; };
		59D931B32AE5927700886FC5 /* getIPAddress.swift */ = {isa = PBXFileReference; lastKnownFileType = sourcecode.swift; path = getIPAddress.swift; sourceTree = "<group>"; };
		59D931B62AE592C900886FC5 /* ContentViewVM.swift */ = {isa = PBXFileReference; lastKnownFileType = sourcecode.swift; path = ContentViewVM.swift; sourceTree = "<group>"; };
/* End PBXFileReference section */

/* Begin PBXFrameworksBuildPhase section */
		591A6C1A2AE58D8500854A5A /* Frameworks */ = {
			isa = PBXFrameworksBuildPhase;
			buildActionMask = 2147483647;
			files = (
			);
			runOnlyForDeploymentPostprocessing = 0;
		};
/* End PBXFrameworksBuildPhase section */

/* Begin PBXGroup section */
		591A6C142AE58D8500854A5A = {
			isa = PBXGroup;
			children = (
				591A6C1F2AE58D8500854A5A /* MyLocalP */,
				591A6C1E2AE58D8500854A5A /* Products */,
			);
			sourceTree = "<group>";
		};
		591A6C1E2AE58D8500854A5A /* Products */ = {
			isa = PBXGroup;
			children = (
				591A6C1D2AE58D8500854A5A /* MyLocalP.app */,
			);
			name = Products;
			sourceTree = "<group>";
		};
		591A6C1F2AE58D8500854A5A /* MyLocalP */ = {
			isa = PBXGroup;
			children = (
				59BC19E32AEAFA36002809D5 /* Info.plist */,
				59D931B02AE5923000886FC5 /* Utils */,
				59D931B82AE5936100886FC5 /* Views */,
				59D931B52AE592B200886FC5 /* ViewModels */,
				591A6C202AE58D8500854A5A /* MyLocalPApp.swift */,
				599DF1122AE7302100953BF4 /* AppDelegate.swift */,
				591A6C242AE58D8600854A5A /* Assets.xcassets */,
				591A6C292AE58D8600854A5A /* MyLocalP.entitlements */,
				591A6C262AE58D8600854A5A /* Preview Content */,
			);
			path = MyLocalP;
			sourceTree = "<group>";
		};
		591A6C262AE58D8600854A5A /* Preview Content */ = {
			isa = PBXGroup;
			children = (
				591A6C272AE58D8600854A5A /* Preview Assets.xcassets */,
			);
			path = "Preview Content";
			sourceTree = "<group>";
		};
		59D931B02AE5923000886FC5 /* Utils */ = {
			isa = PBXGroup;
			children = (
				59D931B12AE5924B00886FC5 /* copyToClipboard.swift */,
				59D931B32AE5927700886FC5 /* getIPAddress.swift */,
			);
			path = Utils;
			sourceTree = "<group>";
		};
		59D931B52AE592B200886FC5 /* ViewModels */ = {
			isa = PBXGroup;
			children = (
				59D931B62AE592C900886FC5 /* ContentViewVM.swift */,
			);
			path = ViewModels;
			sourceTree = "<group>";
		};
		59D931B82AE5936100886FC5 /* Views */ = {
			isa = PBXGroup;
			children = (
				591A6C222AE58D8500854A5A /* MainView.swift */,
			);
			path = Views;
			sourceTree = "<group>";
		};
/* End PBXGroup section */

/* Begin PBXNativeTarget section */
		591A6C1C2AE58D8500854A5A /* MyLocalP */ = {
			isa = PBXNativeTarget;
			buildConfigurationList = 591A6C2C2AE58D8600854A5A /* Build configuration list for PBXNativeTarget "MyLocalP" */;
			buildPhases = (
				591A6C192AE58D8500854A5A /* Sources */,
				591A6C1A2AE58D8500854A5A /* Frameworks */,
				591A6C1B2AE58D8500854A5A /* Resources */,
			);
			buildRules = (
			);
			dependencies = (
			);
			name = MyLocalP;
			productName = MyLocalP;
			productReference = 591A6C1D2AE58D8500854A5A /* MyLocalP.app */;
			productType = "com.apple.product-type.application";
		};
/* End PBXNativeTarget section */

/* Begin PBXProject section */
		591A6C152AE58D8500854A5A /* Project object */ = {
			isa = PBXProject;
			attributes = {
				BuildIndependentTargetsInParallel = 1;
				LastSwiftUpdateCheck = 1430;
				LastUpgradeCheck = 1430;
				TargetAttributes = {
					591A6C1C2AE58D8500854A5A = {
						CreatedOnToolsVersion = 14.3;
					};
				};
			};
			buildConfigurationList = 591A6C182AE58D8500854A5A /* Build configuration list for PBXProject "MyLocalP" */;
			compatibilityVersion = "Xcode 14.0";
			developmentRegion = en;
			hasScannedForEncodings = 0;
			knownRegions = (
				en,
				Base,
			);
			mainGroup = 591A6C142AE58D8500854A5A;
			productRefGroup = 591A6C1E2AE58D8500854A5A /* Products */;
			projectDirPath = "";
			projectRoot = "";
			targets = (
				591A6C1C2AE58D8500854A5A /* MyLocalP */,
			);
		};
/* End PBXProject section */

/* Begin PBXResourcesBuildPhase section */
		591A6C1B2AE58D8500854A5A /* Resources */ = {
			isa = PBXResourcesBuildPhase;
			buildActionMask = 2147483647;
			files = (
				591A6C282AE58D8600854A5A /* Preview Assets.xcassets in Resources */,
				591A6C252AE58D8600854A5A /* Assets.xcassets in Resources */,
			);
			runOnlyForDeploymentPostprocessing = 0;
		};
/* End PBXResourcesBuildPhase section */

/* Begin PBXSourcesBuildPhase section */
		591A6C192AE58D8500854A5A /* Sources */ = {
			isa = PBXSourcesBuildPhase;
			buildActionMask = 2147483647;
			files = (
				599DF1132AE7302100953BF4 /* AppDelegate.swift in Sources */,
				59D931B42AE5927700886FC5 /* getIPAddress.swift in Sources */,
				591A6C232AE58D8500854A5A /* MainView.swift in Sources */,
				59D931B72AE592C900886FC5 /* ContentViewVM.swift in Sources */,
				591A6C212AE58D8500854A5A /* MyLocalPApp.swift in Sources */,
				59D931B22AE5924B00886FC5 /* copyToClipboard.swift in Sources */,
			);
			runOnlyForDeploymentPostprocessing = 0;
		};
/* End PBXSourcesBuildPhase section */

/* Begin XCBuildConfiguration section */
		591A6C2A2AE58D8600854A5A /* Debug */ = {
			isa = XCBuildConfiguration;
			buildSettings = {
				ALWAYS_SEARCH_USER_PATHS = NO;
				CLANG_ANALYZER_NONNULL = YES;
				CLANG_ANALYZER_NUMBER_OBJECT_CONVERSION = YES_AGGRESSIVE;
				CLANG_CXX_LANGUAGE_STANDARD = "gnu++20";
				CLANG_ENABLE_MODULES = YES;
				CLANG_ENABLE_OBJC_ARC = YES;
				CLANG_ENABLE_OBJC_WEAK = YES;
				CLANG_WARN_BLOCK_CAPTURE_AUTORELEASING = YES;
				CLANG_WARN_BOOL_CONVERSION = YES;
				CLANG_WARN_COMMA = YES;
				CLANG_WARN_CONSTANT_CONVERSION = YES;
				CLANG_WARN_DEPRECATED_OBJC_IMPLEMENTATIONS = YES;
				CLANG_WARN_DIRECT_OBJC_ISA_USAGE = YES_ERROR;
				CLANG_WARN_DOCUMENTATION_COMMENTS = YES;
				CLANG_WARN_EMPTY_BODY = YES;
				CLANG_WARN_ENUM_CONVERSION = YES;
				CLANG_WARN_INFINITE_RECURSION = YES;
				CLANG_WARN_INT_CONVERSION = YES;
				CLANG_WARN_NON_LITERAL_NULL_CONVERSION = YES;
				CLANG_WARN_OBJC_IMPLICIT_RETAIN_SELF = YES;
				CLANG_WARN_OBJC_LITERAL_CONVERSION = YES;
				CLANG_WARN_OBJC_ROOT_CLASS = YES_ERROR;
				CLANG_WARN_QUOTED_INCLUDE_IN_FRAMEWORK_HEADER = YES;
				CLANG_WARN_RANGE_LOOP_ANALYSIS = YES;
				CLANG_WARN_STRICT_PROTOTYPES = YES;
				CLANG_WARN_SUSPICIOUS_MOVE = YES;
				CLANG_WARN_UNGUARDED_AVAILABILITY = YES_AGGRESSIVE;
				CLANG_WARN_UNREACHABLE_CODE = YES;
				CLANG_WARN__DUPLICATE_METHOD_MATCH = YES;
				COPY_PHASE_STRIP = NO;
				DEBUG_INFORMATION_FORMAT = dwarf;
				ENABLE_STRICT_OBJC_MSGSEND = YES;
				ENABLE_TESTABILITY = YES;
				GCC_C_LANGUAGE_STANDARD = gnu11;
				GCC_DYNAMIC_NO_PIC = NO;
				GCC_NO_COMMON_BLOCKS = YES;
				GCC_OPTIMIZATION_LEVEL = 0;
				GCC_PREPROCESSOR_DEFINITIONS = (
					"DEBUG=1",
					"$(inherited)",
				);
				GCC_WARN_64_TO_32_BIT_CONVERSION = YES;
				GCC_WARN_ABOUT_RETURN_TYPE = YES_ERROR;
				GCC_WARN_UNDECLARED_SELECTOR = YES;
				GCC_WARN_UNINITIALIZED_AUTOS = YES_AGGRESSIVE;
				GCC_WARN_UNUSED_FUNCTION = YES;
				GCC_WARN_UNUSED_VARIABLE = YES;
				MACOSX_DEPLOYMENT_TARGET = 13.3;
				MTL_ENABLE_DEBUG_INFO = INCLUDE_SOURCE;
				MTL_FAST_MATH = YES;
				ONLY_ACTIVE_ARCH = YES;
				SDKROOT = macosx;
				SWIFT_ACTIVE_COMPILATION_CONDITIONS = DEBUG;
				SWIFT_OPTIMIZATION_LEVEL = "-Onone";
			};
			name = Debug;
		};
		591A6C2B2AE58D8600854A5A /* Release */ = {
			isa = XCBuildConfiguration;
			buildSettings = {
				ALWAYS_SEARCH_USER_PATHS = NO;
				CLANG_ANALYZER_NONNULL = YES;
				CLANG_ANALYZER_NUMBER_OBJECT_CONVERSION = YES_AGGRESSIVE;
				CLANG_CXX_LANGUAGE_STANDARD = "gnu++20";
				CLANG_ENABLE_MODULES = YES;
				CLANG_ENABLE_OBJC_ARC = YES;
				CLANG_ENABLE_OBJC_WEAK = YES;
				CLANG_WARN_BLOCK_CAPTURE_AUTORELEASING = YES;
				CLANG_WARN_BOOL_CONVERSION = YES;
				CLANG_WARN_COMMA = YES;
				CLANG_WARN_CONSTANT_CONVERSION = YES;
				CLANG_WARN_DEPRECATED_OBJC_IMPLEMENTATIONS = YES;
				CLANG_WARN_DIRECT_OBJC_ISA_USAGE = YES_ERROR;
				CLANG_WARN_DOCUMENTATION_COMMENTS = YES;
				CLANG_WARN_EMPTY_BODY = YES;
				CLANG_WARN_ENUM_CONVERSION = YES;
				CLANG_WARN_INFINITE_RECURSION = YES;
				CLANG_WARN_INT_CONVERSION = YES;
				CLANG_WARN_NON_LITERAL_NULL_CONVERSION = YES;
				CLANG_WARN_OBJC_IMPLICIT_RETAIN_SELF = YES;
				CLANG_WARN_OBJC_LITERAL_CONVERSION = YES;
				CLANG_WARN_OBJC_ROOT_CLASS = YES_ERROR;
				CLANG_WARN_QUOTED_INCLUDE_IN_FRAMEWORK_HEADER = YES;
				CLANG_WARN_RANGE_LOOP_ANALYSIS = YES;
				CLANG_WARN_STRICT_PROTOTYPES = YES;
				CLANG_WARN_SUSPICIOUS_MOVE = YES;
				CLANG_WARN_UNGUARDED_AVAILABILITY = YES_AGGRESSIVE;
				CLANG_WARN_UNREACHABLE_CODE = YES;
				CLANG_WARN__DUPLICATE_METHOD_MATCH = YES;
				COPY_PHASE_STRIP = NO;
				DEBUG_INFORMATION_FORMAT = "dwarf-with-dsym";
				ENABLE_NS_ASSERTIONS = NO;
				ENABLE_STRICT_OBJC_MSGSEND = YES;
				GCC_C_LANGUAGE_STANDARD = gnu11;
				GCC_NO_COMMON_BLOCKS = YES;
				GCC_WARN_64_TO_32_BIT_CONVERSION = YES;
				GCC_WARN_ABOUT_RETURN_TYPE = YES_ERROR;
				GCC_WARN_UNDECLARED_SELECTOR = YES;
				GCC_WARN_UNINITIALIZED_AUTOS = YES_AGGRESSIVE;
				GCC_WARN_UNUSED_FUNCTION = YES;
				GCC_WARN_UNUSED_VARIABLE = YES;
				MACOSX_DEPLOYMENT_TARGET = 13.3;
				MTL_ENABLE_DEBUG_INFO = NO;
				MTL_FAST_MATH = YES;
				SDKROOT = macosx;
				SWIFT_COMPILATION_MODE = wholemodule;
				SWIFT_OPTIMIZATION_LEVEL = "-O";
			};
			name = Release;
		};
		591A6C2D2AE58D8600854A5A /* Debug */ = {
			isa = XCBuildConfiguration;
			buildSettings = {
				ASSETCATALOG_COMPILER_APPICON_NAME = AppIcon;
				ASSETCATALOG_COMPILER_GLOBAL_ACCENT_COLOR_NAME = AccentColor;
				CODE_SIGN_ENTITLEMENTS = MyLocalP/MyLocalP.entitlements;
				CODE_SIGN_STYLE = Automatic;
				COMBINE_HIDPI_IMAGES = YES;
				CURRENT_PROJECT_VERSION = 1;
				DEVELOPMENT_ASSET_PATHS = "\"MyLocalP/Preview Content\"";
				DEVELOPMENT_TEAM = 77GX6NF857;
				ENABLE_HARDENED_RUNTIME = YES;
				ENABLE_PREVIEWS = YES;
				GENERATE_INFOPLIST_FILE = YES;
				INFOPLIST_FILE = MyLocalP/Info.plist;
				INFOPLIST_KEY_LSApplicationCategoryType = "";
				INFOPLIST_KEY_LSUIElement = YES;
				INFOPLIST_KEY_NSHumanReadableCopyright = "";
				INFOPLIST_KEY_NSPrincipalClass = NSApplication;
				LD_RUNPATH_SEARCH_PATHS = (
					"$(inherited)",
					"@executable_path/../Frameworks",
				);
				MARKETING_VERSION = 1.0;
				PRODUCT_BUNDLE_IDENTIFIER = dmkhnain.MyLocalP;
				PRODUCT_NAME = "$(TARGET_NAME)";
				SWIFT_EMIT_LOC_STRINGS = YES;
				SWIFT_VERSION = 5.0;
			};
			name = Debug;
		};
		591A6C2E2AE58D8600854A5A /* Release */ = {
			isa = XCBuildConfiguration;
			buildSettings = {
				ASSETCATALOG_COMPILER_APPICON_NAME = AppIcon;
				ASSETCATALOG_COMPILER_GLOBAL_ACCENT_COLOR_NAME = AccentColor;
				CODE_SIGN_ENTITLEMENTS = MyLocalP/MyLocalP.entitlements;
				CODE_SIGN_STYLE = Automatic;
				COMBINE_HIDPI_IMAGES = YES;
				CURRENT_PROJECT_VERSION = 1;
				DEVELOPMENT_ASSET_PATHS = "\"MyLocalP/Preview Content\"";
				DEVELOPMENT_TEAM = 77GX6NF857;
				ENABLE_HARDENED_RUNTIME = YES;
				ENABLE_PREVIEWS = YES;
				GENERATE_INFOPLIST_FILE = YES;
				INFOPLIST_FILE = MyLocalP/Info.plist;
				INFOPLIST_KEY_LSApplicationCategoryType = "";
				INFOPLIST_KEY_LSUIElement = YES;
				INFOPLIST_KEY_NSHumanReadableCopyright = "";
				INFOPLIST_KEY_NSPrincipalClass = NSApplication;
				LD_RUNPATH_SEARCH_PATHS = (
					"$(inherited)",
					"@executable_path/../Frameworks",
				);
				MARKETING_VERSION = 1.0;
				PRODUCT_BUNDLE_IDENTIFIER = dmkhnain.MyLocalP;
				PRODUCT_NAME = "$(TARGET_NAME)";
				SWIFT_EMIT_LOC_STRINGS = YES;
				SWIFT_VERSION = 5.0;
			};
			name = Release;
		};
/* End XCBuildConfiguration section */

/* Begin XCConfigurationList section */
		591A6C182AE58D8500854A5A /* Build configuration list for PBXProject "MyLocalP" */ = {
			isa = XCConfigurationList;
			buildConfigurations = (
				591A6C2A2AE58D8600854A5A /* Debug */,
				591A6C2B2AE58D8600854A5A /* Release */,
			);
			defaultConfigurationIsVisible = 0;
			defaultConfigurationName = Release;
		};
		591A6C2C2AE58D8600854A5A /* Build configuration list for PBXNativeTarget "MyLocalP" */ = {
			isa = XCConfigurationList;
			buildConfigurations = (
				591A6C2D2AE58D8600854A5A /* Debug */,
				591A6C2E2AE58D8600854A5A /* Release */,
			);
			defaultConfigurationIsVisible = 0;
			defaultConfigurationName = Release;
		};
/* End XCConfigurationList section */
	};
	rootObject = 591A6C152AE58D8500854A5A /* Project object */;
}
